
Microsoft Visual Studio Solution File, Format Version 12.00
# Visual Studio 15
VisualStudioVersion = 15.0.27130.2010
MinimumVisualStudioVersion = 10.0.40219.1
Project("{FAE04EC0-301F-11D3-BF4B-00C04F79EFBC}") = "DzCsharpSQL", "DzCsharpSQL\DzCsharpSQL.csproj", "{1BE6C399-A8C6-4DA6-B102-E18F808CE084}"
EndProject
Global
	GlobalSection(SolutionConfigurationPlatforms) = preSolution
		Debug|Any CPU = Debug|Any CPU
		Release|Any CPU = Release|Any CPU
	EndGlobalSection
	GlobalSection(ProjectConfigurationPlatforms) = postSolution
		{1BE6C399-A8C6-4DA6-B102-E18F808CE084}.Debug|Any CPU.ActiveCfg = Debug|Any CPU
		{1BE6C399-A8C6-4DA6-B102-E18F808CE084}.Debug|Any CPU.Build.0 = Debug|Any CPU
		{1BE6C399-A8C6-4DA6-B102-E18F808CE084}.Release|Any CPU.ActiveCfg = Release|Any CPU
		{1BE6C399-A8C6-4DA6-B102-E18F808CE084}.Release|Any CPU.Build.0 = Release|Any CPU
	EndGlobalSection
	GlobalSection(SolutionProperties) = preSolution
		HideSolutionNode = FALSE
	EndGlobalSection
	GlobalSection(ExtensibilityGlobals) = postSolution
		SolutionGuid = {A1069A39-D878-450F-A87F-C95EB92D7C8A}
	EndGlobalSection
EndGlobal
